
Microsoft Visual Studio Solution File, Format Version 12.00
# Visual Studio Version 17
VisualStudioVersion = 17.7.34031.279
MinimumVisualStudioVersion = 10.0.40219.1
Project("{FAE04EC0-301F-11D3-BF4B-00C04F79EFBC}") = "PassmanWeb", "PassmanWeb\PassmanWeb.csproj", "{7409494B-11A4-481A-BA16-1FBB1F1C946D}"
EndProject
Global
	GlobalSection(SolutionConfigurationPlatforms) = preSolution
		Debug|Any CPU = Debug|Any CPU
		Release|Any CPU = Release|Any CPU
	EndGlobalSection
	GlobalSection(ProjectConfigurationPlatforms) = postSolution
		{7409494B-11A4-481A-BA16-1FBB1F1C946D}.Debug|Any CPU.ActiveCfg = Debug|Any CPU
		{7409494B-11A4-481A-BA16-1FBB1F1C946D}.Debug|Any CPU.Build.0 = Debug|Any CPU
		{7409494B-11A4-481A-BA16-1FBB1F1C946D}.Release|Any CPU.ActiveCfg = Release|Any CPU
		{7409494B-11A4-481A-BA16-1FBB1F1C946D}.Release|Any CPU.Build.0 = Release|Any CPU
	EndGlobalSection
	GlobalSection(SolutionProperties) = preSolution
		HideSolutionNode = FALSE
	EndGlobalSection
	GlobalSection(ExtensibilityGlobals) = postSolution
		SolutionGuid = {7535D461-E575-42C0-98F6-F9B6D9EAC941}
	EndGlobalSection
EndGlobal
